
Microsoft Visual Studio Solution File, Format Version 12.00
# Visual Studio Version 17
VisualStudioVersion = 17.8.34511.84
MinimumVisualStudioVersion = 10.0.40219.1
Project("{FAE04EC0-301F-11D3-BF4B-00C04F79EFBC}") = "COMP003A.Assigment2", "COMP003A.Assigment2\COMP003A.Assigment2.csproj", "{FC55398A-CB58-460A-8BE3-D18A9BB4BFD7}"
EndProject
Global
	GlobalSection(SolutionConfigurationPlatforms) = preSolution
		Debug|Any CPU = Debug|Any CPU
		Release|Any CPU = Release|Any CPU
	EndGlobalSection
	GlobalSection(ProjectConfigurationPlatforms) = postSolution
		{FC55398A-CB58-460A-8BE3-D18A9BB4BFD7}.Debug|Any CPU.ActiveCfg = Debug|Any CPU
		{FC55398A-CB58-460A-8BE3-D18A9BB4BFD7}.Debug|Any CPU.Build.0 = Debug|Any CPU
		{FC55398A-CB58-460A-8BE3-D18A9BB4BFD7}.Release|Any CPU.ActiveCfg = Release|Any CPU
		{FC55398A-CB58-460A-8BE3-D18A9BB4BFD7}.Release|Any CPU.Build.0 = Release|Any CPU
	EndGlobalSection
	GlobalSection(SolutionProperties) = preSolution
		HideSolutionNode = FALSE
	EndGlobalSection
	GlobalSection(ExtensibilityGlobals) = postSolution
		SolutionGuid = {4D4E66A4-C6E4-44B0-9513-FC1E23317687}
	EndGlobalSection
EndGlobal
